{
	"name": "automator_v4",
	"version": "4.0.0",
	"lockfileVersion": 2,
	"requires": true,
	"packages": {
		"": {
			"name": "automator_v4",
			"version": "4.0.0",
			"license": "UNLICENSED",
			"dependencies": {
				"axios": "^0.21.1",
				"dotenv": "^10.0.0",
				"utf-8-validate": "^5.0.8",
				"ws": "^8.2.0"
			},
			"optionalDependencies": {
				"bufferutil": "^4.0.3",
				"utf-8-validate": "^5.0.8"
			}
		},
		"node_modules/axios": {
			"version": "0.21.1",
			"resolved": "https://registry.npmjs.org/axios/-/axios-0.21.1.tgz",
			"integrity": "sha512-dKQiRHxGD9PPRIUNIWvZhPTPpl1rf/OxTYKsqKUDjBwYylTvV7SjSHJb9ratfyzM6wCdLCOYLzs73qpg5c4iGA==",
			"dependencies": {
				"follow-redirects": "^1.10.0"
			}
		},
		"node_modules/bufferutil": {
			"version": "4.0.3",
			"resolved": "https://registry.npmjs.org/bufferutil/-/bufferutil-4.0.3.tgz",
			"integrity": "sha512-yEYTwGndELGvfXsImMBLop58eaGW+YdONi1fNjTINSY98tmMmFijBG6WXgdkfuLNt4imzQNtIE+eBp1PVpMCSw==",
			"hasInstallScript": true,
			"optional": true,
			"dependencies": {
				"node-gyp-build": "^4.2.0"
			}
		},
		"node_modules/dotenv": {
			"version": "10.0.0",
			"resolved": "https://registry.npmjs.org/dotenv/-/dotenv-10.0.0.tgz",
			"integrity": "sha512-rlBi9d8jpv9Sf1klPjNfFAuWDjKLwTIJJ/VxtoTwIR6hnZxcEOQCZg2oIL3MWBYw5GpUDKOEnND7LXTbIpQ03Q==",
			"engines": {
				"node": ">=10"
			}
		},
		"node_modules/follow-redirects": {
			"version": "1.14.1",
			"resolved": "https://registry.npmjs.org/follow-redirects/-/follow-redirects-1.14.1.tgz",
			"integrity": "sha512-HWqDgT7ZEkqRzBvc2s64vSZ/hfOceEol3ac/7tKwzuvEyWx3/4UegXh5oBOIotkGsObyk3xznnSRVADBgWSQVg==",
			"funding": [
				{
					"type": "individual",
					"url": "https://github.com/sponsors/RubenVerborgh"
				}
			],
			"engines": {
				"node": ">=4.0"
			},
			"peerDependenciesMeta": {
				"debug": {
					"optional": true
				}
			}
		},
		"node_modules/node-gyp-build": {
			"version": "4.3.0",
			"resolved": "https://registry.npmjs.org/node-gyp-build/-/node-gyp-build-4.3.0.tgz",
			"integrity": "sha512-iWjXZvmboq0ja1pUGULQBexmxq8CV4xBhX7VDOTbL7ZR4FOowwY/VOtRxBN/yKxmdGoIp4j5ysNT4u3S2pDQ3Q==",
			"optional": true,
			"bin": {
				"node-gyp-build": "bin.js",
				"node-gyp-build-optional": "optional.js",
				"node-gyp-build-test": "build-test.js"
			}
		},
		"node_modules/utf-8-validate": {
			"version": "5.0.8",
			"resolved": "https://registry.npmjs.org/utf-8-validate/-/utf-8-validate-5.0.8.tgz",
			"integrity": "sha512-k4dW/Qja1BYDl2qD4tOMB9PFVha/UJtxTc1cXYOe3WwA/2m0Yn4qB7wLMpJyLJ/7DR0XnTut3HsCSzDT4ZvKgA==",
			"hasInstallScript": true,
			"optional": true,
			"dependencies": {
				"node-gyp-build": "^4.3.0"
			},
			"engines": {
				"node": ">=6.14.2"
			}
		},
		"node_modules/ws": {
			"version": "8.2.0",
			"resolved": "https://registry.npmjs.org/ws/-/ws-8.2.0.tgz",
			"integrity": "sha512-uYhVJ/m9oXwEI04iIVmgLmugh2qrZihkywG9y5FfZV2ATeLIzHf93qs+tUNqlttbQK957/VX3mtwAS+UfIwA4g==",
			"engines": {
				"node": ">=10.0.0"
			},
			"peerDependencies": {
				"bufferutil": "^4.0.1",
				"utf-8-validate": "^5.0.2"
			},
			"peerDependenciesMeta": {
				"bufferutil": {
					"optional": true
				},
				"utf-8-validate": {
					"optional": true
				}
			}
		}
	},
	"dependencies": {
		"axios": {
			"version": "0.21.1",
			"resolved": "https://registry.npmjs.org/axios/-/axios-0.21.1.tgz",
			"integrity": "sha512-dKQiRHxGD9PPRIUNIWvZhPTPpl1rf/OxTYKsqKUDjBwYylTvV7SjSHJb9ratfyzM6wCdLCOYLzs73qpg5c4iGA==",
			"requires": {
				"follow-redirects": "^1.10.0"
			}
		},
		"bufferutil": {
			"version": "4.0.3",
			"resolved": "https://registry.npmjs.org/bufferutil/-/bufferutil-4.0.3.tgz",
			"integrity": "sha512-yEYTwGndELGvfXsImMBLop58eaGW+YdONi1fNjTINSY98tmMmFijBG6WXgdkfuLNt4imzQNtIE+eBp1PVpMCSw==",
			"optional": true,
			"requires": {
				"node-gyp-build": "^4.2.0"
			}
		},
		"dotenv": {
			"version": "10.0.0",
			"resolved": "https://registry.npmjs.org/dotenv/-/dotenv-10.0.0.tgz",
			"integrity": "sha512-rlBi9d8jpv9Sf1klPjNfFAuWDjKLwTIJJ/VxtoTwIR6hnZxcEOQCZg2oIL3MWBYw5GpUDKOEnND7LXTbIpQ03Q=="
		},
		"follow-redirects": {
			"version": "1.14.1",
			"resolved": "https://registry.npmjs.org/follow-redirects/-/follow-redirects-1.14.1.tgz",
			"integrity": "sha512-HWqDgT7ZEkqRzBvc2s64vSZ/hfOceEol3ac/7tKwzuvEyWx3/4UegXh5oBOIotkGsObyk3xznnSRVADBgWSQVg=="
		},
		"node-gyp-build": {
			"version": "4.3.0",
			"resolved": "https://registry.npmjs.org/node-gyp-build/-/node-gyp-build-4.3.0.tgz",
			"integrity": "sha512-iWjXZvmboq0ja1pUGULQBexmxq8CV4xBhX7VDOTbL7ZR4FOowwY/VOtRxBN/yKxmdGoIp4j5ysNT4u3S2pDQ3Q==",
			"optional": true
		},
		"utf-8-validate": {
			"version": "5.0.8",
			"resolved": "https://registry.npmjs.org/utf-8-validate/-/utf-8-validate-5.0.8.tgz",
			"integrity": "sha512-k4dW/Qja1BYDl2qD4tOMB9PFVha/UJtxTc1cXYOe3WwA/2m0Yn4qB7wLMpJyLJ/7DR0XnTut3HsCSzDT4ZvKgA==",
			"optional": true,
			"requires": {
				"node-gyp-build": "^4.3.0"
			}
		},
		"ws": {
			"version": "8.2.0",
			"resolved": "https://registry.npmjs.org/ws/-/ws-8.2.0.tgz",
			"integrity": "sha512-uYhVJ/m9oXwEI04iIVmgLmugh2qrZihkywG9y5FfZV2ATeLIzHf93qs+tUNqlttbQK957/VX3mtwAS+UfIwA4g==",
			"requires": {}
		}
	}
}
